
Microsoft Visual Studio Solution File, Format Version 12.00
# Visual Studio 15
VisualStudioVersion = 15.0.27004.2009
MinimumVisualStudioVersion = 10.0.40219.1
Project("{FAE04EC0-301F-11D3-BF4B-00C04F79EFBC}") = "CMS", "CMS.csproj", "{AE3BE4D4-060B-4D08-9CD0-EF995EF4C56E}"
EndProject
Global
	GlobalSection(SolutionConfigurationPlatforms) = preSolution
		Debug|Any CPU = Debug|Any CPU
		Release|Any CPU = Release|Any CPU
	EndGlobalSection
	GlobalSection(ProjectConfigurationPlatforms) = postSolution
		{AE3BE4D4-060B-4D08-9CD0-EF995EF4C56E}.Debug|Any CPU.ActiveCfg = Debug|Any CPU
		{AE3BE4D4-060B-4D08-9CD0-EF995EF4C56E}.Debug|Any CPU.Build.0 = Debug|Any CPU
		{AE3BE4D4-060B-4D08-9CD0-EF995EF4C56E}.Release|Any CPU.ActiveCfg = Release|Any CPU
		{AE3BE4D4-060B-4D08-9CD0-EF995EF4C56E}.Release|Any CPU.Build.0 = Release|Any CPU
	EndGlobalSection
	GlobalSection(SolutionProperties) = preSolution
		HideSolutionNode = FALSE
	EndGlobalSection
	GlobalSection(ExtensibilityGlobals) = postSolution
		SolutionGuid = {DAD85EEF-D67F-47CD-9695-4754DD614ED5}
	EndGlobalSection
EndGlobal
